// !$*UTF8*$!
{
	archiveVersion = 1;
	classes = {
	};
	objectVersion = 46;
	objects = {

/* Begin PBXBuildFile section */
		2769C64218FA248500D8CF09 /* Foundation.framework in Frameworks */ = {isa = PBXBuildFile; fileRef = 2769C64118FA248500D8CF09 /* Foundation.framework */; };
		2769C64418FA248500D8CF09 /* CoreGraphics.framework in Frameworks */ = {isa = PBXBuildFile; fileRef = 2769C64318FA248500D8CF09 /* CoreGraphics.framework */; };
		2769C64618FA248500D8CF09 /* UIKit.framework in Frameworks */ = {isa = PBXBuildFile; fileRef = 2769C64518FA248500D8CF09 /* UIKit.framework */; };
		2769C64C18FA248500D8CF09 /* InfoPlist.strings in Resources */ = {isa = PBXBuildFile; fileRef = 2769C64A18FA248500D8CF09 /* InfoPlist.strings */; };
		2769C64E18FA248500D8CF09 /* main.m in Sources */ = {isa = PBXBuildFile; fileRef = 2769C64D18FA248500D8CF09 /* main.m */; };
		2769C65218FA248500D8CF09 /* KAMAppDelegate.m in Sources */ = {isa = PBXBuildFile; fileRef = 2769C65118FA248500D8CF09 /* KAMAppDelegate.m */; };
		2769C65518FA248500D8CF09 /* Main_iPhone.storyboard in Resources */ = {isa = PBXBuildFile; fileRef = 2769C65318FA248500D8CF09 /* Main_iPhone.storyboard */; };
		2769C65818FA248500D8CF09 /* Main_iPad.storyboard in Resources */ = {isa = PBXBuildFile; fileRef = 2769C65618FA248500D8CF09 /* Main_iPad.storyboard */; };
		2769C65B18FA248500D8CF09 /* KAMViewController.m in Sources */ = {isa = PBXBuildFile; fileRef = 2769C65A18FA248500D8CF09 /* KAMViewController.m */; };
		2769C65D18FA248500D8CF09 /* Images.xcassets in Resources */ = {isa = PBXBuildFile; fileRef = 2769C65C18FA248500D8CF09 /* Images.xcassets */; };
		2769C66418FA248500D8CF09 /* XCTest.framework in Frameworks */ = {isa = PBXBuildFile; fileRef = 2769C66318FA248500D8CF09 /* XCTest.framework */; };
		2769C66518FA248500D8CF09 /* Foundation.framework in Frameworks */ = {isa = PBXBuildFile; fileRef = 2769C64118FA248500D8CF09 /* Foundation.framework */; };
		2769C66618FA248500D8CF09 /* UIKit.framework in Frameworks */ = {isa = PBXBuildFile; fileRef = 2769C64518FA248500D8CF09 /* UIKit.framework */; };
		2769C66E18FA248500D8CF09 /* InfoPlist.strings in Resources */ = {isa = PBXBuildFile; fileRef = 2769C66C18FA248500D8CF09 /* InfoPlist.strings */; };
		2769C67018FA248500D8CF09 /* LostPetTests.m in Sources */ = {isa = PBXBuildFile; fileRef = 2769C66F18FA248500D8CF09 /* LostPetTests.m */; };
		2769C67B18FA269B00D8CF09 /* MapViewController.m in Sources */ = {isa = PBXBuildFile; fileRef = 2769C67A18FA269B00D8CF09 /* MapViewController.m */; };
		2769C67E18FA26AB00D8CF09 /* ListViewController.m in Sources */ = {isa = PBXBuildFile; fileRef = 2769C67D18FA26AB00D8CF09 /* ListViewController.m */; };
		2769C68018FA286C00D8CF09 /* MapKit.framework in Frameworks */ = {isa = PBXBuildFile; fileRef = 2769C67F18FA286C00D8CF09 /* MapKit.framework */; };
		2769C68318FA357900D8CF09 /* PetAnnotation.m in Sources */ = {isa = PBXBuildFile; fileRef = 2769C68218FA357900D8CF09 /* PetAnnotation.m */; };
/* End PBXBuildFile section */

/* Begin PBXContainerItemProxy section */
		2769C66718FA248500D8CF09 /* PBXContainerItemProxy */ = {
			isa = PBXContainerItemProxy;
			containerPortal = 2769C63618FA248500D8CF09 /* Project object */;
			proxyType = 1;
			remoteGlobalIDString = 2769C63D18FA248500D8CF09;
			remoteInfo = LostPet;
		};
/* End PBXContainerItemProxy section */

/* Begin PBXFileReference section */
		2769C63E18FA248500D8CF09 /* LostPet.app */ = {isa = PBXFileReference; explicitFileType = wrapper.application; includeInIndex = 0; path = LostPet.app; sourceTree = BUILT_PRODUCTS_DIR; };
		2769C64118FA248500D8CF09 /* Foundation.framework */ = {isa = PBXFileReference; lastKnownFileType = wrapper.framework; name = Foundation.framework; path = System/Library/Frameworks/Foundation.framework; sourceTree = SDKROOT; };
		2769C64318FA248500D8CF09 /* CoreGraphics.framework */ = {isa = PBXFileReference; lastKnownFileType = wrapper.framework; name = CoreGraphics.framework; path = System/Library/Frameworks/CoreGraphics.framework; sourceTree = SDKROOT; };
		2769C64518FA248500D8CF09 /* UIKit.framework */ = {isa = PBXFileReference; lastKnownFileType = wrapper.framework; name = UIKit.framework; path = System/Library/Frameworks/UIKit.framework; sourceTree = SDKROOT; };
		2769C64918FA248500D8CF09 /* LostPet-Info.plist */ = {isa = PBXFileReference; lastKnownFileType = text.plist.xml; path = "LostPet-Info.plist"; sourceTree = "<group>"; };
		2769C64B18FA248500D8CF09 /* en */ = {isa = PBXFileReference; lastKnownFileType = text.plist.strings; name = en; path = en.lproj/InfoPlist.strings; sourceTree = "<group>"; };
		2769C64D18FA248500D8CF09 /* main.m */ = {isa = PBXFileReference; lastKnownFileType = sourcecode.c.objc; path = main.m; sourceTree = "<group>"; };
		2769C64F18FA248500D8CF09 /* LostPet-Prefix.pch */ = {isa = PBXFileReference; lastKnownFileType = sourcecode.c.h; path = "LostPet-Prefix.pch"; sourceTree = "<group>"; };
		2769C65018FA248500D8CF09 /* KAMAppDelegate.h */ = {isa = PBXFileReference; lastKnownFileType = sourcecode.c.h; path = KAMAppDelegate.h; sourceTree = "<group>"; };
		2769C65118FA248500D8CF09 /* KAMAppDelegate.m */ = {isa = PBXFileReference; lastKnownFileType = sourcecode.c.objc; path = KAMAppDelegate.m; sourceTree = "<group>"; };
		2769C65418FA248500D8CF09 /* Base */ = {isa = PBXFileReference; lastKnownFileType = file.storyboard; name = Base; path = Base.lproj/Main_iPhone.storyboard; sourceTree = "<group>"; };
		2769C65718FA248500D8CF09 /* Base */ = {isa = PBXFileReference; lastKnownFileType = file.storyboard; name = Base; path = Base.lproj/Main_iPad.storyboard; sourceTree = "<group>"; };
		2769C65918FA248500D8CF09 /* KAMViewController.h */ = {isa = PBXFileReference; lastKnownFileType = sourcecode.c.h; path = KAMViewController.h; sourceTree = "<group>"; };
		2769C65A18FA248500D8CF09 /* KAMViewController.m */ = {isa = PBXFileReference; lastKnownFileType = sourcecode.c.objc; path = KAMViewController.m; sourceTree = "<group>"; };
		2769C65C18FA248500D8CF09 /* Images.xcassets */ = {isa = PBXFileReference; lastKnownFileType = folder.assetcatalog; path = Images.xcassets; sourceTree = "<group>"; };
		2769C66218FA248500D8CF09 /* LostPetTests.xctest */ = {isa = PBXFileReference; explicitFileType = wrapper.cfbundle; includeInIndex = 0; path = LostPetTests.xctest; sourceTree = BUILT_PRODUCTS_DIR; };
		2769C66318FA248500D8CF09 /* XCTest.framework */ = {isa = PBXFileReference; lastKnownFileType = wrapper.framework; name = XCTest.framework; path = Library/Frameworks/XCTest.framework; sourceTree = DEVELOPER_DIR; };
		2769C66B18FA248500D8CF09 /* LostPetTests-Info.plist */ = {isa = PBXFileReference; lastKnownFileType = text.plist.xml; path = "LostPetTests-Info.plist"; sourceTree = "<group>"; };
		2769C66D18FA248500D8CF09 /* en */ = {isa = PBXFileReference; lastKnownFileType = text.plist.strings; name = en; path = en.lproj/InfoPlist.strings; sourceTree = "<group>"; };
		2769C66F18FA248500D8CF09 /* LostPetTests.m */ = {isa = PBXFileReference; lastKnownFileType = sourcecode.c.objc; path = LostPetTests.m; sourceTree = "<group>"; };
		2769C67918FA269B00D8CF09 /* MapViewController.h */ = {isa = PBXFileReference; fileEncoding = 4; lastKnownFileType = sourcecode.c.h; path = MapViewController.h; sourceTree = "<group>"; };
		2769C67A18FA269B00D8CF09 /* MapViewController.m */ = {isa = PBXFileReference; fileEncoding = 4; lastKnownFileType = sourcecode.c.objc; path = MapViewController.m; sourceTree = "<group>"; };
		2769C67C18FA26AB00D8CF09 /* ListViewController.h */ = {isa = PBXFileReference; fileEncoding = 4; lastKnownFileType = sourcecode.c.h; path = ListViewController.h; sourceTree = "<group>"; };
		2769C67D18FA26AB00D8CF09 /* ListViewController.m */ = {isa = PBXFileReference; fileEncoding = 4; lastKnownFileType = sourcecode.c.objc; path = ListViewController.m; sourceTree = "<group>"; };
		2769C67F18FA286C00D8CF09 /* MapKit.framework */ = {isa = PBXFileReference; lastKnownFileType = wrapper.framework; name = MapKit.framework; path = System/Library/Frameworks/MapKit.framework; sourceTree = SDKROOT; };
		2769C68118FA357900D8CF09 /* PetAnnotation.h */ = {isa = PBXFileReference; fileEncoding = 4; lastKnownFileType = sourcecode.c.h; name = PetAnnotation.h; path = ../PetAnnotation.h; sourceTree = "<group>"; };
		2769C68218FA357900D8CF09 /* PetAnnotation.m */ = {isa = PBXFileReference; fileEncoding = 4; lastKnownFileType = sourcecode.c.objc; name = PetAnnotation.m; path = ../PetAnnotation.m; sourceTree = "<group>"; };
/* End PBXFileReference section */

/* Begin PBXFrameworksBuildPhase section */
		2769C63B18FA248500D8CF09 /* Frameworks */ = {
			isa = PBXFrameworksBuildPhase;
			buildActionMask = 2147483647;
			files = (
				2769C68018FA286C00D8CF09 /* MapKit.framework in Frameworks */,
				2769C64418FA248500D8CF09 /* CoreGraphics.framework in Frameworks */,
				2769C64618FA248500D8CF09 /* UIKit.framework in Frameworks */,
				2769C64218FA248500D8CF09 /* Foundation.framework in Frameworks */,
			);
			runOnlyForDeploymentPostprocessing = 0;
		};
		2769C65F18FA248500D8CF09 /* Frameworks */ = {
			isa = PBXFrameworksBuildPhase;
			buildActionMask = 2147483647;
			files = (
				2769C66418FA248500D8CF09 /* XCTest.framework in Frameworks */,
				2769C66618FA248500D8CF09 /* UIKit.framework in Frameworks */,
				2769C66518FA248500D8CF09 /* Foundation.framework in Frameworks */,
			);
			runOnlyForDeploymentPostprocessing = 0;
		};
/* End PBXFrameworksBuildPhase section */

/* Begin PBXGroup section */
		2769C63518FA248500D8CF09 = {
			isa = PBXGroup;
			children = (
				2769C64718FA248500D8CF09 /* LostPet */,
				2769C66918FA248500D8CF09 /* LostPetTests */,
				2769C64018FA248500D8CF09 /* Frameworks */,
				2769C63F18FA248500D8CF09 /* Products */,
			);
			sourceTree = "<group>";
		};
		2769C63F18FA248500D8CF09 /* Products */ = {
			isa = PBXGroup;
			children = (
				2769C63E18FA248500D8CF09 /* LostPet.app */,
				2769C66218FA248500D8CF09 /* LostPetTests.xctest */,
			);
			name = Products;
			sourceTree = "<group>";
		};
		2769C64018FA248500D8CF09 /* Frameworks */ = {
			isa = PBXGroup;
			children = (
				2769C67F18FA286C00D8CF09 /* MapKit.framework */,
				2769C64118FA248500D8CF09 /* Foundation.framework */,
				2769C64318FA248500D8CF09 /* CoreGraphics.framework */,
				2769C64518FA248500D8CF09 /* UIKit.framework */,
				2769C66318FA248500D8CF09 /* XCTest.framework */,
			);
			name = Frameworks;
			sourceTree = "<group>";
		};
		2769C64718FA248500D8CF09 /* LostPet */ = {
			isa = PBXGroup;
			children = (
				2769C68118FA357900D8CF09 /* PetAnnotation.h */,
				2769C68218FA357900D8CF09 /* PetAnnotation.m */,
				2769C65018FA248500D8CF09 /* KAMAppDelegate.h */,
				2769C65118FA248500D8CF09 /* KAMAppDelegate.m */,
				2769C65318FA248500D8CF09 /* Main_iPhone.storyboard */,
				2769C67918FA269B00D8CF09 /* MapViewController.h */,
				2769C67A18FA269B00D8CF09 /* MapViewController.m */,
				2769C67C18FA26AB00D8CF09 /* ListViewController.h */,
				2769C67D18FA26AB00D8CF09 /* ListViewController.m */,
				2769C65618FA248500D8CF09 /* Main_iPad.storyboard */,
				2769C65918FA248500D8CF09 /* KAMViewController.h */,
				2769C65A18FA248500D8CF09 /* KAMViewController.m */,
				2769C65C18FA248500D8CF09 /* Images.xcassets */,
				2769C64818FA248500D8CF09 /* Supporting Files */,
			);
			path = LostPet;
			sourceTree = "<group>";
		};
		2769C64818FA248500D8CF09 /* Supporting Files */ = {
			isa = PBXGroup;
			children = (
				2769C64918FA248500D8CF09 /* LostPet-Info.plist */,
				2769C64A18FA248500D8CF09 /* InfoPlist.strings */,
				2769C64D18FA248500D8CF09 /* main.m */,
				2769C64F18FA248500D8CF09 /* LostPet-Prefix.pch */,
			);
			name = "Supporting Files";
			sourceTree = "<group>";
		};
		2769C66918FA248500D8CF09 /* LostPetTests */ = {
			isa = PBXGroup;
			children = (
				2769C66F18FA248500D8CF09 /* LostPetTests.m */,
				2769C66A18FA248500D8CF09 /* Supporting Files */,
			);
			path = LostPetTests;
			sourceTree = "<group>";
		};
		2769C66A18FA248500D8CF09 /* Supporting Files */ = {
			isa = PBXGroup;
			children = (
				2769C66B18FA248500D8CF09 /* LostPetTests-Info.plist */,
				2769C66C18FA248500D8CF09 /* InfoPlist.strings */,
			);
			name = "Supporting Files";
			sourceTree = "<group>";
		};
/* End PBXGroup section */

/* Begin PBXNativeTarget section */
		2769C63D18FA248500D8CF09 /* LostPet */ = {
			isa = PBXNativeTarget;
			buildConfigurationList = 2769C67318FA248500D8CF09 /* Build configuration list for PBXNativeTarget "LostPet" */;
			buildPhases = (
				2769C63A18FA248500D8CF09 /* Sources */,
				2769C63B18FA248500D8CF09 /* Frameworks */,
				2769C63C18FA248500D8CF09 /* Resources */,
			);
			buildRules = (
			);
			dependencies = (
			);
			name = LostPet;
			productName = LostPet;
			productReference = 2769C63E18FA248500D8CF09 /* LostPet.app */;
			productType = "com.apple.product-type.application";
		};
		2769C66118FA248500D8CF09 /* LostPetTests */ = {
			isa = PBXNativeTarget;
			buildConfigurationList = 2769C67618FA248500D8CF09 /* Build configuration list for PBXNativeTarget "LostPetTests" */;
			buildPhases = (
				2769C65E18FA248500D8CF09 /* Sources */,
				2769C65F18FA248500D8CF09 /* Frameworks */,
				2769C66018FA248500D8CF09 /* Resources */,
			);
			buildRules = (
			);
			dependencies = (
				2769C66818FA248500D8CF09 /* PBXTargetDependency */,
			);
			name = LostPetTests;
			productName = LostPetTests;
			productReference = 2769C66218FA248500D8CF09 /* LostPetTests.xctest */;
			productType = "com.apple.product-type.bundle.unit-test";
		};
/* End PBXNativeTarget section */

/* Begin PBXProject section */
		2769C63618FA248500D8CF09 /* Project object */ = {
			isa = PBXProject;
			attributes = {
				CLASSPREFIX = KAM;
				LastUpgradeCheck = 0510;
				ORGANIZATIONNAME = Kamtech;
				TargetAttributes = {
					2769C66118FA248500D8CF09 = {
						TestTargetID = 2769C63D18FA248500D8CF09;
					};
				};
			};
			buildConfigurationList = 2769C63918FA248500D8CF09 /* Build configuration list for PBXProject "LostPet" */;
			compatibilityVersion = "Xcode 3.2";
			developmentRegion = English;
			hasScannedForEncodings = 0;
			knownRegions = (
				en,
				Base,
			);
			mainGroup = 2769C63518FA248500D8CF09;
			productRefGroup = 2769C63F18FA248500D8CF09 /* Products */;
			projectDirPath = "";
			projectRoot = "";
			targets = (
				2769C63D18FA248500D8CF09 /* LostPet */,
				2769C66118FA248500D8CF09 /* LostPetTests */,
			);
		};
/* End PBXProject section */

/* Begin PBXResourcesBuildPhase section */
		2769C63C18FA248500D8CF09 /* Resources */ = {
			isa = PBXResourcesBuildPhase;
			buildActionMask = 2147483647;
			files = (
				2769C65818FA248500D8CF09 /* Main_iPad.storyboard in Resources */,
				2769C65D18FA248500D8CF09 /* Images.xcassets in Resources */,
				2769C65518FA248500D8CF09 /* Main_iPhone.storyboard in Resources */,
				2769C64C18FA248500D8CF09 /* InfoPlist.strings in Resources */,
			);
			runOnlyForDeploymentPostprocessing = 0;
		};
		2769C66018FA248500D8CF09 /* Resources */ = {
			isa = PBXResourcesBuildPhase;
			buildActionMask = 2147483647;
			files = (
				2769C66E18FA248500D8CF09 /* InfoPlist.strings in Resources */,
			);
			runOnlyForDeploymentPostprocessing = 0;
		};
/* End PBXResourcesBuildPhase section */

/* Begin PBXSourcesBuildPhase section */
		2769C63A18FA248500D8CF09 /* Sources */ = {
			isa = PBXSourcesBuildPhase;
			buildActionMask = 2147483647;
			files = (
				2769C67E18FA26AB00D8CF09 /* ListViewController.m in Sources */,
				2769C65218FA248500D8CF09 /* KAMAppDelegate.m in Sources */,
				2769C68318FA357900D8CF09 /* PetAnnotation.m in Sources */,
				2769C64E18FA248500D8CF09 /* main.m in Sources */,
				2769C65B18FA248500D8CF09 /* KAMViewController.m in Sources */,
				2769C67B18FA269B00D8CF09 /* MapViewController.m in Sources */,
			);
			runOnlyForDeploymentPostprocessing = 0;
		};
		2769C65E18FA248500D8CF09 /* Sources */ = {
			isa = PBXSourcesBuildPhase;
			buildActionMask = 2147483647;
			files = (
				2769C67018FA248500D8CF09 /* LostPetTests.m in Sources */,
			);
			runOnlyForDeploymentPostprocessing = 0;
		};
/* End PBXSourcesBuildPhase section */

/* Begin PBXTargetDependency section */
		2769C66818FA248500D8CF09 /* PBXTargetDependency */ = {
			isa = PBXTargetDependency;
			target = 2769C63D18FA248500D8CF09 /* LostPet */;
			targetProxy = 2769C66718FA248500D8CF09 /* PBXContainerItemProxy */;
		};
/* End PBXTargetDependency section */

/* Begin PBXVariantGroup section */
		2769C64A18FA248500D8CF09 /* InfoPlist.strings */ = {
			isa = PBXVariantGroup;
			children = (
				2769C64B18FA248500D8CF09 /* en */,
			);
			name = InfoPlist.strings;
			sourceTree = "<group>";
		};
		2769C65318FA248500D8CF09 /* Main_iPhone.storyboard */ = {
			isa = PBXVariantGroup;
			children = (
				2769C65418FA248500D8CF09 /* Base */,
			);
			name = Main_iPhone.storyboard;
			sourceTree = "<group>";
		};
		2769C65618FA248500D8CF09 /* Main_iPad.storyboard */ = {
			isa = PBXVariantGroup;
			children = (
				2769C65718FA248500D8CF09 /* Base */,
			);
			name = Main_iPad.storyboard;
			sourceTree = "<group>";
		};
		2769C66C18FA248500D8CF09 /* InfoPlist.strings */ = {
			isa = PBXVariantGroup;
			children = (
				2769C66D18FA248500D8CF09 /* en */,
			);
			name = InfoPlist.strings;
			sourceTree = "<group>";
		};
/* End PBXVariantGroup section */

/* Begin XCBuildConfiguration section */
		2769C67118FA248500D8CF09 /* Debug */ = {
			isa = XCBuildConfiguration;
			buildSettings = {
				ALWAYS_SEARCH_USER_PATHS = NO;
				CLANG_CXX_LANGUAGE_STANDARD = "gnu++0x";
				CLANG_CXX_LIBRARY = "libc++";
				CLANG_ENABLE_MODULES = YES;
				CLANG_ENABLE_OBJC_ARC = YES;
				CLANG_WARN_BOOL_CONVERSION = YES;
				CLANG_WARN_CONSTANT_CONVERSION = YES;
				CLANG_WARN_DIRECT_OBJC_ISA_USAGE = YES_ERROR;
				CLANG_WARN_EMPTY_BODY = YES;
				CLANG_WARN_ENUM_CONVERSION = YES;
				CLANG_WARN_INT_CONVERSION = YES;
				CLANG_WARN_OBJC_ROOT_CLASS = YES_ERROR;
				CLANG_WARN__DUPLICATE_METHOD_MATCH = YES;
				"CODE_SIGN_IDENTITY[sdk=iphoneos*]" = "iPhone Developer";
				COPY_PHASE_STRIP = NO;
				GCC_C_LANGUAGE_STANDARD = gnu99;
				GCC_DYNAMIC_NO_PIC = NO;
				GCC_OPTIMIZATION_LEVEL = 0;
				GCC_PREPROCESSOR_DEFINITIONS = (
					"DEBUG=1",
					"$(inherited)",
				);
				GCC_SYMBOLS_PRIVATE_EXTERN = NO;
				GCC_WARN_64_TO_32_BIT_CONVERSION = YES;
				GCC_WARN_ABOUT_RETURN_TYPE = YES_ERROR;
				GCC_WARN_UNDECLARED_SELECTOR = YES;
				GCC_WARN_UNINITIALIZED_AUTOS = YES_AGGRESSIVE;
				GCC_WARN_UNUSED_FUNCTION = YES;
				GCC_WARN_UNUSED_VARIABLE = YES;
				IPHONEOS_DEPLOYMENT_TARGET = 7.1;
				ONLY_ACTIVE_ARCH = YES;
				SDKROOT = iphoneos;
				TARGETED_DEVICE_FAMILY = "1,2";
			};
			name = Debug;
		};
		2769C67218FA248500D8CF09 /* Release */ = {
			isa = XCBuildConfiguration;
			buildSettings = {
				ALWAYS_SEARCH_USER_PATHS = NO;
				CLANG_CXX_LANGUAGE_STANDARD = "gnu++0x";
				CLANG_CXX_LIBRARY = "libc++";
				CLANG_ENABLE_MODULES = YES;
				CLANG_ENABLE_OBJC_ARC = YES;
				CLANG_WARN_BOOL_CONVERSION = YES;
				CLANG_WARN_CONSTANT_CONVERSION = YES;
				CLANG_WARN_DIRECT_OBJC_ISA_USAGE = YES_ERROR;
				CLANG_WARN_EMPTY_BODY = YES;
				CLANG_WARN_ENUM_CONVERSION = YES;
				CLANG_WARN_INT_CONVERSION = YES;
				CLANG_WARN_OBJC_ROOT_CLASS = YES_ERROR;
				CLANG_WARN__DUPLICATE_METHOD_MATCH = YES;
				"CODE_SIGN_IDENTITY[sdk=iphoneos*]" = "iPhone Developer";
				COPY_PHASE_STRIP = YES;
				ENABLE_NS_ASSERTIONS = NO;
				GCC_C_LANGUAGE_STANDARD = gnu99;
				GCC_WARN_64_TO_32_BIT_CONVERSION = YES;
				GCC_WARN_ABOUT_RETURN_TYPE = YES_ERROR;
				GCC_WARN_UNDECLARED_SELECTOR = YES;
				GCC_WARN_UNINITIALIZED_AUTOS = YES_AGGRESSIVE;
				GCC_WARN_UNUSED_FUNCTION = YES;
				GCC_WARN_UNUSED_VARIABLE = YES;
				IPHONEOS_DEPLOYMENT_TARGET = 7.1;
				SDKROOT = iphoneos;
				TARGETED_DEVICE_FAMILY = "1,2";
				VALIDATE_PRODUCT = YES;
			};
			name = Release;
		};
		2769C67418FA248500D8CF09 /* Debug */ = {
			isa = XCBuildConfiguration;
			buildSettings = {
				ASSETCATALOG_COMPILER_APPICON_NAME = AppIcon;
				ASSETCATALOG_COMPILER_LAUNCHIMAGE_NAME = LaunchImage;
				GCC_PRECOMPILE_PREFIX_HEADER = YES;
				GCC_PREFIX_HEADER = "LostPet/LostPet-Prefix.pch";
				INFOPLIST_FILE = "LostPet/LostPet-Info.plist";
				PRODUCT_NAME = "$(TARGET_NAME)";
				WRAPPER_EXTENSION = app;
			};
			name = Debug;
		};
		2769C67518FA248500D8CF09 /* Release */ = {
			isa = XCBuildConfiguration;
			buildSettings = {
				ASSETCATALOG_COMPILER_APPICON_NAME = AppIcon;
				ASSETCATALOG_COMPILER_LAUNCHIMAGE_NAME = LaunchImage;
				GCC_PRECOMPILE_PREFIX_HEADER = YES;
				GCC_PREFIX_HEADER = "LostPet/LostPet-Prefix.pch";
				INFOPLIST_FILE = "LostPet/LostPet-Info.plist";
				PRODUCT_NAME = "$(TARGET_NAME)";
				WRAPPER_EXTENSION = app;
			};
			name = Release;
		};
		2769C67718FA248500D8CF09 /* Debug */ = {
			isa = XCBuildConfiguration;
			buildSettings = {
				BUNDLE_LOADER = "$(BUILT_PRODUCTS_DIR)/LostPet.app/LostPet";
				FRAMEWORK_SEARCH_PATHS = (
					"$(SDKROOT)/Developer/Library/Frameworks",
					"$(inherited)",
					"$(DEVELOPER_FRAMEWORKS_DIR)",
				);
				GCC_PRECOMPILE_PREFIX_HEADER = YES;
				GCC_PREFIX_HEADER = "LostPet/LostPet-Prefix.pch";
				GCC_PREPROCESSOR_DEFINITIONS = (
					"DEBUG=1",
					"$(inherited)",
				);
				INFOPLIST_FILE = "LostPetTests/LostPetTests-Info.plist";
				PRODUCT_NAME = "$(TARGET_NAME)";
				TEST_HOST = "$(BUNDLE_LOADER)";
				WRAPPER_EXTENSION = xctest;
			};
			name = Debug;
		};
		2769C67818FA248500D8CF09 /* Release */ = {
			isa = XCBuildConfiguration;
			buildSettings = {
				BUNDLE_LOADER = "$(BUILT_PRODUCTS_DIR)/LostPet.app/LostPet";
				FRAMEWORK_SEARCH_PATHS = (
					"$(SDKROOT)/Developer/Library/Frameworks",
					"$(inherited)",
					"$(DEVELOPER_FRAMEWORKS_DIR)",
				);
				GCC_PRECOMPILE_PREFIX_HEADER = YES;
				GCC_PREFIX_HEADER = "LostPet/LostPet-Prefix.pch";
				INFOPLIST_FILE = "LostPetTests/LostPetTests-Info.plist";
				PRODUCT_NAME = "$(TARGET_NAME)";
				TEST_HOST = "$(BUNDLE_LOADER)";
				WRAPPER_EXTENSION = xctest;
			};
			name = Release;
		};
/* End XCBuildConfiguration section */

/* Begin XCConfigurationList section */
		2769C63918FA248500D8CF09 /* Build configuration list for PBXProject "LostPet" */ = {
			isa = XCConfigurationList;
			buildConfigurations = (
				2769C67118FA248500D8CF09 /* Debug */,
				2769C67218FA248500D8CF09 /* Release */,
			);
			defaultConfigurationIsVisible = 0;
			defaultConfigurationName = Release;
		};
		2769C67318FA248500D8CF09 /* Build configuration list for PBXNativeTarget "LostPet" */ = {
			isa = XCConfigurationList;
			buildConfigurations = (
				2769C67418FA248500D8CF09 /* Debug */,
				2769C67518FA248500D8CF09 /* Release */,
			);
			defaultConfigurationIsVisible = 0;
			defaultConfigurationName = Release;
		};
		2769C67618FA248500D8CF09 /* Build configuration list for PBXNativeTarget "LostPetTests" */ = {
			isa = XCConfigurationList;
			buildConfigurations = (
				2769C67718FA248500D8CF09 /* Debug */,
				2769C67818FA248500D8CF09 /* Release */,
			);
			defaultConfigurationIsVisible = 0;
			defaultConfigurationName = Release;
		};
/* End XCConfigurationList section */
	};
	rootObject = 2769C63618FA248500D8CF09 /* Project object */;
}
